
Microsoft Visual Studio Solution File, Format Version 12.00
# Visual Studio Version 17
VisualStudioVersion = 17.0.32126.317
MinimumVisualStudioVersion = 10.0.40219.1
Project("{FAE04EC0-301F-11D3-BF4B-00C04F79EFBC}") = "LinqJoin", "LinqJoin.csproj", "{BA87E2B8-CDE7-4315-B092-43EFC47BFAEB}"
EndProject
Global
	GlobalSection(SolutionConfigurationPlatforms) = preSolution
		Debug|Any CPU = Debug|Any CPU
		Release|Any CPU = Release|Any CPU
	EndGlobalSection
	GlobalSection(ProjectConfigurationPlatforms) = postSolution
		{BA87E2B8-CDE7-4315-B092-43EFC47BFAEB}.Debug|Any CPU.ActiveCfg = Debug|Any CPU
		{BA87E2B8-CDE7-4315-B092-43EFC47BFAEB}.Debug|Any CPU.Build.0 = Debug|Any CPU
		{BA87E2B8-CDE7-4315-B092-43EFC47BFAEB}.Release|Any CPU.ActiveCfg = Release|Any CPU
		{BA87E2B8-CDE7-4315-B092-43EFC47BFAEB}.Release|Any CPU.Build.0 = Release|Any CPU
	EndGlobalSection
	GlobalSection(SolutionProperties) = preSolution
		HideSolutionNode = FALSE
	EndGlobalSection
	GlobalSection(ExtensibilityGlobals) = postSolution
		SolutionGuid = {DC9D6E3E-F343-428A-8BC3-362F8DD888F5}
	EndGlobalSection
EndGlobal
